version = 1
revision = 5
requires-python = "==3.14.*"

[options]
exclude-newer = "0001-01-01T00:00:00Z" # This has no effect and is included for backwards compatibility when using relative exclude-newer values.
exclude-newer-span = "P1W"

[[package]]
name = "click"
version = "8.3.3"
source = { registry = "https://pypi.org/simple" }
dependencies = [
    { name = "colorama", marker = "sys_platform == 'win32'" },
]
sdist = { url = "https://files.pythonhosted.org/packages/bb/63/f9e1ea081ce35720d8b92acde70daaedace594dc93b693c869e0d5910718/click-8.3.3.tar.gz", hash = "sha256:398329ad4837b2ff7cbe1dd166a4c0f8900c3ca3a218de04466f38f6497f18a2", size = 328061, upload-time = "2026-04-22T15:11:27.506Z" }
wheels = [
    { url = "https://files.pythonhosted.org/packages/ae/44/c1221527f6a71a01ec6fbad7fa78f1d50dfa02217385cf0fa3eec7087d59/click-8.3.3-py3-none-any.whl", hash = "sha256:a2bf429bb3033c89fa4936ffb35d5cb471e3719e1f3c8a7c3fff0b8314305613", size = 110502, upload-time = "2026-04-22T15:11:25.044Z" },
]

[[package]]
name = "colorama"
version = "0.4.6"
source = { registry = "https://pypi.org/simple" }
sdist = { url = "https://files.pythonhosted.org/packages/d8/53/6f443c9a4a8358a93a6792e2acffb9d9d5cb0a5cfd8802644b7b1c9a02e4/colorama-0.4.6.tar.gz", hash = "sha256:08695f5cb7ed6e0531a20572697297273c47b8cae5a63ffc6d6ed5c201be6e44", size = 27697, upload-time = "2022-10-25T02:36:22.414Z" }
wheels = [
    { url = "https://files.pythonhosted.org/packages/d1/d6/3965ed04c63042e047cb6a3e6ed1a63a35087b6a609aa3a15ed8ac56c221/colorama-0.4.6-py2.py3-none-any.whl", hash = "sha256:4f1d9991f5acc0ca119f9d443620b77f9d6b33703e51011c16baf57afb285fc6", size = 25335, upload-time = "2022-10-25T02:36:20.889Z" },
]

[[package]]
name = "coverage"
version = "7.16.2"
source = { registry = "https://pypi.org/simple" }
sdist = { url = "https://files.pythonhosted.org/packages/2f/55/d1eaf3e73781174340a00dc1ba2aee8a65f82fadb18e2797b192b6b3925b/coverage-7.16.2.tar.gz", hash = "sha256:ca64d9f1f384f151b9511bec01126072acd2f313439f8ed015a22d8790aab6fa", size = 971999, upload-time = "2026-09-27T12:29:01.118Z" }
wheels = [
    { url = "https://files.pythonhosted.org/packages/59/4c/577fc0803dab4155dcf808faffbdd7b159256781c0874a8586e17b81b149/coverage-7.16.2-cp314-cp314-macosx_10_15_x86_64.whl", hash = "sha256:4ee546b9e4872ffa194bf07ac87bfa1202ebb824d0795dc1ef22f175545ca90a", size = 224138, upload-time = "2026-09-27T12:27:05.141Z" },
    { url = "https://files.pythonhosted.org/packages/75/9e/e3785ba3ecba2bd11efc74bfe2801ca4b78c4480b15a375648d809a59da3/coverage-7.16.2-cp314-cp314-macosx_11_0_arm64.whl", hash = "sha256:a2fac6895eb299a2e52d7bbb8fb3903502b9da8d3f5309ceb16ec40c646b58ee", size = 224445, upload-time = "2026-09-27T12:27:06.805Z" },
    { url = "https://files.pythonhosted.org/packages/f0/d0/963ff22d3fd27117da3b8cc442f5bdc91196f783321e1a8ff0ec43476772/coverage-7.16.2-cp314-cp314-manylinux1_i686.manylinux_2_28_i686.manylinux_2_5_i686.whl", hash = "sha256:57ff3783f99d75a1e81dd56a9737eb5665e6736a5d93258ba596b6dcad8fd05b", size = 256112, upload-time = "2026-09-27T12:27:08.43Z" },
    { url = "https://files.pythonhosted.org/packages/a8/d4/a306940c81c6ae759e82fff27d20b7fdc6896e422b821f51313cce212b6c/coverage-7.16.2-cp314-cp314-manylinux1_x86_64.manylinux_2_28_x86_64.manylinux_2_5_x86_64.whl", hash = "sha256:35f37886699cb9abd29958247d718628d5bc6f39e623dff66a09e546c42a7e03", size = 258727, upload-time = "2026-09-27T12:27:09.927Z" },
    { url = "https://files.pythonhosted.org/packages/b9/a3/d3d99d93b02517087aa05bc0cf2d04d372956b849e5443e059079901429b/coverage-7.16.2-cp314-cp314-manylinux2014_aarch64.manylinux_2_17_aarch64.manylinux_2_28_aarch64.whl", hash = "sha256:0fd7a86fdda7cb6d616d178654bd0ad6bc0f3f33c2e478aa598500a1a9e34eda", size = 259909, upload-time = "2026-09-27T12:27:11.55Z" },
    { url = "https://files.pythonhosted.org/packages/08/44/39dd599181726758dd185ae4dc0c0ab3aeabf7ca70e68e145060feeaaa16/coverage-7.16.2-cp314-cp314-manylinux2014_ppc64le.manylinux_2_17_ppc64le.manylinux_2_28_ppc64le.whl", hash = "sha256:ac0f3b379c94acc2f7dce5f5f0b24d44fa1cc6a509717ef83dfee07450c2117c", size = 262481, upload-time = "2026-09-27T12:27:13.17Z" },
    { url = "https://files.pythonhosted.org/packages/99/e8/91ee43f6ded411460c359d7e1aebde4d6fd8f00a2e5394182d9d212eb23c/coverage-7.16.2-cp314-cp314-manylinux_2_31_riscv64.manylinux_2_39_riscv64.whl", hash = "sha256:7d0732c83746bc24123c581a85d9dd96b70ddb538c9076020aa1a041790361e9", size = 256012, upload-time = "2026-09-27T12:27:14.91Z" },
    { url = "https://files.pythonhosted.org/packages/11/8c/e9499ddc33197bd7eabcb1118ca81756fc874457b324e2b479a4804b2ad2/coverage-7.16.2-cp314-cp314-musllinux_1_2_aarch64.whl", hash = "sha256:7b451c68218c150f616bc9649783ec8de76a59792c759b43aa0c9c0466a465e4", size = 257898, upload-time = "2026-09-27T12:27:16.588Z" },
    { url = "https://files.pythonhosted.org/packages/5f/6e/c081cb5991a0afba99f9c4ad6c74a5fce9513a38ddc64e3e6680c6fed9af/coverage-7.16.2-cp314-cp314-musllinux_1_2_i686.whl", hash = "sha256:a56ac4fa5a75c7e182e8f62600cfb4aff43c5ed7356a034f3557659c3bec1d90", size = 255938, upload-time = "2026-09-27T12:27:18.19Z" },
    { url = "https://files.pythonhosted.org/packages/b2/42/1c3d819e8f9b6eb01c2fe90874d67a8882adb9507e0bbb09361ed131ea89/coverage-7.16.2-cp314-cp314-musllinux_1_2_ppc64le.whl", hash = "sha256:4cc4f73aa3fabc36e32046d6cd2971405948d8a903636508a3d3b2f9128b3a95", size = 260368, upload-time = "2026-09-27T12:27:19.903Z" },
    { url = "https://files.pythonhosted.org/packages/19/4f/d70eac07901fd587b6ab05e659b52afe13959992aa5113bf6cce059cc572/coverage-7.16.2-cp314-cp314-musllinux_1_2_riscv64.whl", hash = "sha256:723dcdab91357159b722935b500ee8abc0a66c8c432e1e9fabf4cc7598952de8", size = 255620, upload-time = "2026-09-27T12:27:21.621Z" },
    { url = "https://files.pythonhosted.org/packages/34/5e/6d87af88317d3d9a9b18a9ca1bc1673eb516917f296e579d0d4a55cb3490/coverage-7.16.2-cp314-cp314-musllinux_1_2_x86_64.whl", hash = "sha256:5397e21a90dde0e9c6896b77ded8f0be26b66f8b22b33aed41f6043ed95d55e6", size = 257521, upload-time = "2026-09-27T12:27:23.358Z" },
    { url = "https://files.pythonhosted.org/packages/79/bb/90c2641170d2fa1a6757b3f8450ba2740197317b0ddd749e9604b914e886/coverage-7.16.2-cp314-cp314-win32.whl", hash = "sha256:848893e1d361448c113dc2f0913503522a6f7be231d0e38333d2a22d9698a011", size = 226248, upload-time = "2026-09-27T12:27:25.153Z" },
    { url = "https://files.pythonhosted.org/packages/30/08/d8d0478bb02c8eb0ae20a496fc80c40fcf4d3450bd184300d682ba2d28a6/coverage-7.16.2-cp314-cp314-win_amd64.whl", hash = "sha256:5a27b731c171e43dc8b5f32b76a5051dde2ec9b9366c87028f08a7088ebc2c7b", size = 226732, upload-time = "2026-09-27T12:27:26.907Z" },
    { url = "https://files.pythonhosted.org/packages/32/3f/0001da22155b0a8ce063ec0f7e64ecbe17b373f306e7a74435f6d6accb72/coverage-7.16.2-cp314-cp314-win_arm64.whl", hash = "sha256:1c569a9fd25505f1cd6bea90588818f90373ce90e2632e2cacf19ddbd6e14fdb", size = 226645, upload-time = "2026-09-27T12:27:28.588Z" },
    { url = "https://files.pythonhosted.org/packages/d7/85/6d8813aff9b8b8586691a9d33c43c5604f7227622574da7cdc3d91a86861/coverage-7.16.2-cp314-cp314t-macosx_10_15_x86_64.whl", hash = "sha256:d93db87adb6b1c1b408dce4763314b55d76a9f589e96783a84ac9e7689e48bdf", size = 224871, upload-time = "2026-09-27T12:27:30.32Z" },
    { url = "https://files.pythonhosted.org/packages/5c/70/444f3a4981ac2cda40fdcf4cc9b56a4e1a33c222abeb33e51ed3e3eb2a6b/coverage-7.16.2-cp314-cp314t-macosx_11_0_arm64.whl", hash = "sha256:aa62c85046473959c13ba9edca9dc90a77d5c1095b1ba313556314d77fe5b036", size = 225123, upload-time = "2026-09-27T12:27:32.33Z" },
    { url = "https://files.pythonhosted.org/packages/d0/c1/980681cd7b33eb66ac835044116ef0a92e11fcc7bdd866cc89d10b1130b9/coverage-7.16.2-cp314-cp314t-manylinux1_i686.manylinux_2_28_i686.manylinux_2_5_i686.whl", hash = "sha256:db76506aa5416081f3e8974ae0f7965c58ada0bb0ef7339ac86099588dbb20d3", size = 265049, upload-time = "2026-09-27T12:27:34.085Z" },
    { url = "https://files.pythonhosted.org/packages/b2/e3/87679875c33bb2191f0f05544a1cc9adcc940fe0c35443a10f2df753dde5/coverage-7.16.2-cp314-cp314t-manylinux1_x86_64.manylinux_2_28_x86_64.manylinux_2_5_x86_64.whl", hash = "sha256:a0f2285329dac10ab08f79cb11f5692c497018e6c7c511f95e6fd63a70b8f831", size = 267717, upload-time = "2026-09-27T12:27:36.025Z" },
    { url = "https://files.pythonhosted.org/packages/76/64/5d372776d6eb523d4e93bafba2253f96984e3b18261c4cc56a50863c6d0d/coverage-7.16.2-cp314-cp314t-manylinux2014_aarch64.manylinux_2_17_aarch64.manylinux_2_28_aarch64.whl", hash = "sha256:382d3346d56b0eec1b793d53a4c88799c8053f516aa3a8d7c44315696954bacf", size = 270047, upload-time = "2026-09-27T12:27:37.96Z" },
    { url = "https://files.pythonhosted.org/packages/be/c1/44082ff0cbf9f97d0043f57970a71204097ec7ba606361a9fd2065393669/coverage-7.16.2-cp314-cp314t-manylinux2014_ppc64le.manylinux_2_17_ppc64le.manylinux_2_28_ppc64le.whl", hash = "sha256:648352b94507179d82637292e7ae8802508d95f78e2f00a705a50b6c48011681", size = 271360, upload-time = "2026-09-27T12:27:39.766Z" },
    { url = "https://files.pythonhosted.org/packages/b8/17/9a215efe25b5e0ecc87c89dbe525c4a87d14d87c8c0c7316ef140a5f6f3e/coverage-7.16.2-cp314-cp314t-manylinux_2_31_riscv64.manylinux_2_39_riscv64.whl", hash = "sha256:fb2bde05838fffae1a1bf75e5d411a6cac3e4e9bb97e6640fed8cd47888b33f0", size = 264736, upload-time = "2026-09-27T12:27:42.072Z" },
    { url = "https://files.pythonhosted.org/packages/a2/da/7f0a31af8e448107d4d32844bd684757f51ea907bc0c68c8fd537b2123ff/coverage-7.16.2-cp314-cp314t-musllinux_1_2_aarch64.whl", hash = "sha256:6a75180829efb8ae62b4aded25be6ddca1c888d138d2d82e21d93bfbd88f41cb", size = 267600, upload-time = "2026-09-27T12:27:43.85Z" },
    { url = "https://files.pythonhosted.org/packages/dd/a4/3bfecbd3366b775bacdcb3330394d356cf384b5d8f5b2146ac4b14b252b5/coverage-7.16.2-cp314-cp314t-musllinux_1_2_i686.whl", hash = "sha256:99704f73721e23859112072d522076e11c31744fc96b5652e5dd2018aa4359f7", size = 264767, upload-time = "2026-09-27T12:27:45.768Z" },
    { url = "https://files.pythonhosted.org/packages/b8/3f/5d62163732d87e4a0c4710a0eab30f0fd6a2d480112abe2029f014fe8c9d/coverage-7.16.2-cp314-cp314t-musllinux_1_2_ppc64le.whl", hash = "sha256:29309ccc86b7f33df7db12813c299f215bbbc470ed6292d0bedd63ffae1ebf64", size = 269026, upload-time = "2026-09-27T12:27:47.787Z" },
    { url = "https://files.pythonhosted.org/packages/49/4d/8e4579f225426535085a9be371cc75e3b026d058d679b80affbdfb4c3ef0/coverage-7.16.2-cp314-cp314t-musllinux_1_2_riscv64.whl", hash = "sha256:30c1b65d529e46569899fadca59e4a87c1faf2886923f1307ba61e654d4f3c20", size = 264147, upload-time = "2026-09-27T12:27:49.681Z" },
    { url = "https://files.pythonhosted.org/packages/d1/36/ef1f77e2c3f7bb03c2b13b9a2006f88700fdd75535ef158d70049f425c1c/coverage-7.16.2-cp314-cp314t-musllinux_1_2_x86_64.whl", hash = "sha256:dcf4bc2aab4e16b1c4c0c2005918f23a7dd5d7821ddae82caed9e3342dc2fcce", size = 266376, upload-time = "2026-09-27T12:27:51.551Z" },
    { url = "https://files.pythonhosted.org/packages/be/79/0cb2bf4428830dec971c718c2c841a039c084415c99e67281f5a72841aab/coverage-7.16.2-cp314-cp314t-win32.whl", hash = "sha256:a9cd3de0a5bfe7b0e21ee10e1a14e3d61bf52efc88217ab1d95d6ace6970bd46", size = 226585, upload-time = "2026-09-27T12:27:53.945Z" },
    { url = "https://files.pythonhosted.org/packages/3c/f9/da17121c16667fd84998e972200ae226a41540f6ea4795776c6d99e8976f/coverage-7.16.2-cp314-cp314t-win_amd64.whl", hash = "sha256:611a44e5229a59d7483ce830160e1a0e85f700562c7a5651c7c63fb8f4eb528c", size = 227378, upload-time = "2026-09-27T12:27:55.778Z" },
    { url = "https://files.pythonhosted.org/packages/74/89/01179c62d1b7e6e33bd5001566b02d7f778cf33d3ec1e81e94ca170c517f/coverage-7.16.2-cp314-cp314t-win_arm64.whl", hash = "sha256:22957cef43ce038641de78ba995de7568d2d6a37c6ddbf7fa0fd7d1ae2344d91", size = 227064, upload-time = "2026-09-27T12:27:57.496Z" },
    { url = "https://files.pythonhosted.org/packages/3f/0c/7a64e1ac90541a8edf50daef0914848011fb057a5bf55284a4811e21939a/coverage-7.16.2-py3-none-any.whl", hash = "sha256:11d28e9123a9156cb405d8d27b44256c9a58fb5decc2073a8f17862057e3aa0f", size = 215754, upload-time = "2026-09-27T12:28:59.075Z" },
]

[[package]]
name = "iniconfig"
version = "2.3.0"
source = { registry = "https://pypi.org/simple" }
sdist = { url = "https://files.pythonhosted.org/packages/72/34/14ca021ce8e5dfedc35312d08ba8bf51fdd999c576889fc2c24cb97f4f10/iniconfig-2.3.0.tar.gz", hash = "sha256:c76315c77db068650d49c5b56314774a7804df16fee4402c1f19d6d15d8c4730", size = 20503, upload-time = "2025-10-18T21:55:43.219Z" }
wheels = [
    { url = "https://files.pythonhosted.org/packages/cb/b1/3846dd7f199d53cb17f49cba7e651e9ce294d8497c8c150530ed11865bb8/iniconfig-2.3.0-py3-none-any.whl", hash = "sha256:f631c04d2c48c52b84d0d0549c99ff3859c98df65b3101406327ecc7d53fbf12", size = 7484, upload-time = "2025-10-18T21:55:41.639Z" },
]

[[package]]
name = "packaging"
version = "26.2"
source = { registry = "https://pypi.org/simple" }
sdist = { url = "https://files.pythonhosted.org/packages/d7/f1/e7a6dd94a8d4a5626c03e4e99c87f241ba9e350cd9e6d75123f992427270/packaging-26.2.tar.gz", hash = "sha256:ff452ff5a3e828ce110190feff1178bb1f2ea2281fa2075aadb987c2fb221661", size = 228134, upload-time = "2026-04-24T20:15:23.917Z" }
wheels = [
    { url = "https://files.pythonhosted.org/packages/df/b2/87e62e8c3e2f4b32e5fe99e0b86d576da1312593b39f47d8ceef365e95ed/packaging-26.2-py3-none-any.whl", hash = "sha256:5fc45236b9446107ff2415ce77c807cee2862cb6fac22b8a73826d0693b0980e", size = 100195, upload-time = "2026-04-24T20:15:22.081Z" },
]

[[package]]
name = "pillow"
version = "12.3.0"
source = { registry = "https://pypi.org/simple" }
sdist = { url = "https://files.pythonhosted.org/packages/1c/3d/bb7fca845737cf9d7dbde16ed1843984665ff2e0a518f5db43e77ec540b9/pillow-12.3.0.tar.gz", hash = "sha256:3b8182a766685eaa002637e28b4ec8d6b18819a0c71f579bf0dbaa5830297cce", size = 47025035, upload-time = "2026-07-01T11:56:38.965Z" }
wheels = [
    { url = "https://files.pythonhosted.org/packages/dc/01/001f65b68192f0228cc1dbbc8d2530ab5d58b61037ba0587f946fea607cd/pillow-12.3.0-cp314-cp314-ios_13_0_arm64_iphoneos.whl", hash = "sha256:9cf95fe4d0f84c82d282745d9bb08ad9f926efa00be4697e767b814ce40d4330", size = 4161736, upload-time = "2026-07-01T11:54:51.156Z" },
    { url = "https://files.pythonhosted.org/packages/1a/d2/0219746d0fd16fc8a84498e79452375be3797d3ce4044596ce565164b84f/pillow-12.3.0-cp314-cp314-ios_13_0_arm64_iphonesimulator.whl", hash = "sha256:8728f216dcdb6e6d555cf971cb34076139ad74b31fc2c14da4fafc741c5f6217", size = 4255435, upload-time = "2026-07-01T11:54:53.414Z" },
    { url = "https://files.pythonhosted.org/packages/c8/02/8d0bc62ef0302318c46ff2a512822d2610e81c7aa46c9b3abe6cbaca5ad0/pillow-12.3.0-cp314-cp314-ios_13_0_x86_64_iphonesimulator.whl", hash = "sha256:a45650e8ce7fafffd731db8550230db6b0d306d181a90b67d3e6bca2f1990930", size = 3696262, upload-time = "2026-07-01T11:54:55.739Z" },
    { url = "https://files.pythonhosted.org/packages/85/e2/73c77d218410b14f5f2d565e8a998d5317b7b9c75368d29985139f7a46f0/pillow-12.3.0-cp314-cp314-macosx_10_15_x86_64.whl", hash = "sha256:ba54cfebe86920a559a7c4d6b9050791c20513650a1952ebe3368c7dc70306f8", size = 5350344, upload-time = "2026-07-01T11:54:57.657Z" },
    { url = "https://files.pythonhosted.org/packages/c7/da/32c752228ae345f489e3a42499d817b6c3996da7e8a3bc7a04fc806b243b/pillow-12.3.0-cp314-cp314-macosx_11_0_arm64.whl", hash = "sha256:e158cb00350dc278f3b91551101aa7d12415a66ebf2c91d8d5ac14e56ddd3ad0", size = 4780131, upload-time = "2026-07-01T11:54:59.713Z" },
    { url = "https://files.pythonhosted.org/packages/b1/9d/8b2c807dbef61a5197c047afe99823787eb66f63daf9fb2432f91d6f0462/pillow-12.3.0-cp314-cp314-manylinux_2_27_aarch64.manylinux_2_28_aarch64.whl", hash = "sha256:e9aeb04d6aef139de265b29683e119b638208f88cf73cdd1658aa07221165321", size = 6263757, upload-time = "2026-07-01T11:55:01.778Z" },
    { url = "https://files.pythonhosted.org/packages/5c/44/c85361f65dbe00eea8576ee467c768d25129989efb76e94f205e9ca9bb46/pillow-12.3.0-cp314-cp314-manylinux_2_27_x86_64.manylinux_2_28_x86_64.whl", hash = "sha256:251bf95b67017e27b13d82f5b326234ca62d70f9cf4c2b9032de2358a3b12c7b", size = 6936962, upload-time = "2026-07-01T11:55:03.93Z" },
    { url = "https://files.pythonhosted.org/packages/18/7e/e483414b35800b86b6f08dbbc7803fb5cd52c4d6f897f47d53ea2c7e6f65/pillow-12.3.0-cp314-cp314-musllinux_1_2_aarch64.whl", hash = "sha256:fe3cca2e4e8a592be0f269a1ca4835c25199d9f3ce815c8491048f785b0a0198", size = 6339171, upload-time = "2026-07-01T11:55:05.989Z" },
    { url = "https://files.pythonhosted.org/packages/f0/f4/68c491844841ede6bed70189546b3ee9731cf9f2cbad396faff5e1ccba45/pillow-12.3.0-cp314-cp314-musllinux_1_2_x86_64.whl", hash = "sha256:23aceaa007d6172b02c277f0cd359c79492bbb14f7072b4ede9fbcaf20648130", size = 7048116, upload-time = "2026-07-01T11:55:08.131Z" },
    { url = "https://files.pythonhosted.org/packages/a3/34/77f3f793fed8efc7d243f21b33c5a3f0d1c97ee70346d3db855587e155ff/pillow-12.3.0-cp314-cp314-win32.whl", hash = "sha256:af8d94b0db561cf68b88a267c5c44b49e134f525d0dc2cb7ed413a66bc23559a", size = 6467209, upload-time = "2026-07-01T11:55:10.408Z" },
    { url = "https://files.pythonhosted.org/packages/f1/e0/492879f69d94f91f60fc8cd05ba03650e9520afebb2fb7aa12777d7c7f38/pillow-12.3.0-cp314-cp314-win_amd64.whl", hash = "sha256:fdafc9cce40277e0f7a0feabce0ee50dd2fa1800f3b38015e51296b5e814048d", size = 7237707, upload-time = "2026-07-01T11:55:12.745Z" },
    { url = "https://files.pythonhosted.org/packages/c9/ac/6b11f2875f1c2ac040d84e1bbf9cf22a88038f901ca1037898b280b38365/pillow-12.3.0-cp314-cp314-win_arm64.whl", hash = "sha256:e91206ee562682b51b98ef4b26a6ef48fd84e15fd4c4bc5ec768eb641d206838", size = 2565995, upload-time = "2026-07-01T11:55:14.736Z" },
    { url = "https://files.pythonhosted.org/packages/52/69/c2208e56af9bfc1913afb24020297a691eb1d4ef688474c8a04913f65e04/pillow-12.3.0-cp314-cp314t-macosx_10_15_x86_64.whl", hash = "sha256:164b31cd1a0490ab6efae01aa5df49da7061be0af1b30e035b6e9a1bfe34ee6e", size = 5352503, upload-time = "2026-07-01T11:55:17.076Z" },
    { url = "https://files.pythonhosted.org/packages/07/70/e5686d753e898a45d778ff1718dba8516ead6ab6b95d85fc8c4b70650cf2/pillow-12.3.0-cp314-cp314t-macosx_11_0_arm64.whl", hash = "sha256:5afb51d599ea772b8365ae807ae557f18bccfe46ab261fd1c2a9ed700fc6eb17", size = 4782956, upload-time = "2026-07-01T11:55:19.448Z" },
    { url = "https://files.pythonhosted.org/packages/d5/37/25c6692f06927ee973ff18c8d9ee98ad0b4d84ee67a09610c2dd1447958e/pillow-12.3.0-cp314-cp314t-manylinux_2_27_aarch64.manylinux_2_28_aarch64.whl", hash = "sha256:3edce1d53195db527e0191f84b71d02022de0540bf43a16ed734ed7537b07385", size = 6322855, upload-time = "2026-07-01T11:55:21.613Z" },
    { url = "https://files.pythonhosted.org/packages/cc/91/420637fcb8f1bc11029e403b4538e6694744428d8246118e45719f944556/pillow-12.3.0-cp314-cp314t-manylinux_2_27_x86_64.manylinux_2_28_x86_64.whl", hash = "sha256:bf16ba1b4d0b6b7c8e534936632270cf70eb00dbe09005bc345b2677b726855c", size = 6989642, upload-time = "2026-07-01T11:55:24.006Z" },
    { url = "https://files.pythonhosted.org/packages/10/08/b94d7811281ccf0d143a1cf768d1c49e1e54af63e7b708ab2ee3eb87face/pillow-12.3.0-cp314-cp314t-musllinux_1_2_aarch64.whl", hash = "sha256:24870b09b224f7ae3c39ed07d10e819d06f8720bc551847b1d623832b5b0e28d", size = 6391281, upload-time = "2026-07-01T11:55:26.252Z" },
    { url = "https://files.pythonhosted.org/packages/d2/87/24233f785f55474dc02ce3e739c5528a77e3a862e9333d1dd7a25cc31f70/pillow-12.3.0-cp314-cp314t-musllinux_1_2_x86_64.whl", hash = "sha256:30f2aa603c41533cc25c05acd0da21636e84a315768feb631c937177db558931", size = 7096716, upload-time = "2026-07-01T11:55:28.318Z" },
    { url = "https://files.pythonhosted.org/packages/23/26/fcb2f6e37175b04f53570b59937867e2b80ee1685e744023153028fc14f9/pillow-12.3.0-cp314-cp314t-win32.whl", hash = "sha256:4b0a7fe987b14c31ebda6083f74f22b561fd3739bc0ac51e019622e3d72668c7", size = 6474125, upload-time = "2026-07-01T11:55:30.956Z" },
    { url = "https://files.pythonhosted.org/packages/90/de/3634abee5f1c9e13c56787b7d5517b0ba8d6de51700b95578cf338349c9f/pillow-12.3.0-cp314-cp314t-win_amd64.whl", hash = "sha256:962864dc93511324d51ddbb5b9f8731bf71675b93ca612a07441896f4688fb8c", size = 7242939, upload-time = "2026-07-01T11:55:34.044Z" },
    { url = "https://files.pythonhosted.org/packages/ce/2a/fd13f8eb24de5714a6eb444a3d67e2842c6c576e159a43793adf23051351/pillow-12.3.0-cp314-cp314t-win_arm64.whl", hash = "sha256:0740a512dc522224c77d9aa5a8d70d8b7d73fb91f2c21125d8d025d3b8990e45", size = 2567506, upload-time = "2026-07-01T11:55:35.988Z" },
]

[[package]]
name = "pluggy"
version = "1.6.0"
source = { registry = "https://pypi.org/simple" }
sdist = { url = "https://files.pythonhosted.org/packages/f9/e2/3e91f31a7d2b083fe6ef3fa267035b518369d9511ffab804f839851d2779/pluggy-1.6.0.tar.gz", hash = "sha256:7dcc130b76258d33b90f61b658791dede3486c3e6bfb003ee5c9bfb396dd22f3", size = 69412, upload-time = "2025-05-15T12:30:07.975Z" }
wheels = [
    { url = "https://files.pythonhosted.org/packages/54/20/4d324d65cc6d9205fabedc306948156824eb9f0ee1633355a8f7ec5c66bf/pluggy-1.6.0-py3-none-any.whl", hash = "sha256:e920276dd6813095e9377c0bc5566d94c932c33b27a3e3945d8389c374dd4746", size = 20538, upload-time = "2025-05-15T12:30:06.134Z" },
]

[[package]]
name = "pygments"
version = "2.20.0"
source = { registry = "https://pypi.org/simple" }
sdist = { url = "https://files.pythonhosted.org/packages/c3/b2/bc9c9196916376152d655522fdcebac55e66de6603a76a02bca1b6414f6c/pygments-2.20.0.tar.gz", hash = "sha256:6757cd03768053ff99f3039c1a36d6c0aa0b263438fcab17520b30a303a82b5f", size = 4955991, upload-time = "2026-03-29T13:29:33.898Z" }
wheels = [
    { url = "https://files.pythonhosted.org/packages/f4/7e/a72dd26f3b0f4f2bf1dd8923c85f7ceb43172af56d63c7383eb62b332364/pygments-2.20.0-py3-none-any.whl", hash = "sha256:81a9e26dd42fd28a23a2d169d86d7ac03b46e2f8b59ed4698fb4785f946d0176", size = 1231151, upload-time = "2026-03-29T13:29:30.038Z" },
]

[[package]]
name = "pyrefly"
version = "1.1.1"
source = { registry = "https://pypi.org/simple" }
sdist = { url = "https://files.pythonhosted.org/packages/8e/20/976165fa4b1517a1a92f393b3f4d4badabfff1165eff09d4cd4908428183/pyrefly-1.1.1.tar.gz", hash = "sha256:6deda959f8603a7dbdf112c48983e2275b2903cf33c8c739ed65d7e71a4fd520", size = 5880491, upload-time = "2026-06-18T23:45:43.785Z" }
wheels = [
    { url = "https://files.pythonhosted.org/packages/b5/d6/02ba666018c6a1cb4ddfa2db98ada721adddd374db5c29ba47a0bf2637fa/pyrefly-1.1.1-py3-none-macosx_10_12_x86_64.whl", hash = "sha256:f4b8595f91885bc8b5e3c282ab68d1df21201668a84e6508b1e15f2feec0bb8d", size = 13631867, upload-time = "2026-06-18T23:45:13.923Z" },
    { url = "https://files.pythonhosted.org/packages/71/47/7a3457dbbddb513a83cf4fe527d5d5ebda5201a1010ad2a6034030e3e358/pyrefly-1.1.1-py3-none-macosx_11_0_arm64.whl", hash = "sha256:d6b238e1362622d47a6eb5af704fd8b613c94e8c303386efd6350e3da59fecc8", size = 13075304, upload-time = "2026-06-18T23:45:16.865Z" },
    { url = "https://files.pythonhosted.org/packages/84/df/70f4b3f42d58ed686a80df31e04eca54d88036cea4f9b96195c64ad0b2b5/pyrefly-1.1.1-py3-none-manylinux_2_17_aarch64.manylinux2014_aarch64.whl", hash = "sha256:b50d4510e4f8aaea79e2c4b343a4d7a060c9451c0b2aa9bfe10d7ca1ef33d68d", size = 13446966, upload-time = "2026-06-18T23:45:19.644Z" },
    { url = "https://files.pythonhosted.org/packages/3c/53/12a19bd6c7af985bcbc13c6910d0f9f6684069ead2282a5c08c2bfbb5d03/pyrefly-1.1.1-py3-none-manylinux_2_17_i686.manylinux2014_i686.whl", hash = "sha256:f330cf039ef3da3b910c84f3a7e431f0cf8d0c1d2dad26491d6cadf3c7cd4759", size = 14449222, upload-time = "2026-06-18T23:45:22.252Z" },
    { url = "https://files.pythonhosted.org/packages/93/f0/e55c48a50076fc0f9ecf4bdedec50456db383e01162f5e2121f8468be071/pyrefly-1.1.1-py3-none-manylinux_2_17_ppc64le.manylinux2014_ppc64le.whl", hash = "sha256:a6342d87c52b04f72156da04f554c4d57f3616f2b32d1763969efb22d05a1407", size = 14472947, upload-time = "2026-06-18T23:45:24.858Z" },
    { url = "https://files.pythonhosted.org/packages/b6/e7/30e085b31fed978ecb675bdbb54df566673ab550469e5af2d350f6af0be6/pyrefly-1.1.1-py3-none-manylinux_2_17_x86_64.manylinux2014_x86_64.whl", hash = "sha256:c08b814ad03175e9cf47111390537161828b472044c39ab3320252b3ac6b2edd", size = 13975252, upload-time = "2026-06-18T23:45:27.247Z" },
    { url = "https://files.pythonhosted.org/packages/47/58/49c3e67641133d3fe5d8d9a660dc0826c6c37ca197d86cad05fa7dd8bfd6/pyrefly-1.1.1-py3-none-musllinux_1_2_aarch64.whl", hash = "sha256:d50cad97f19fc893b04deff7239626cffff5dd27ffb29b7d303a1b770247b208", size = 13471780, upload-time = "2026-06-18T23:45:29.775Z" },
    { url = "https://files.pythonhosted.org/packages/71/1e/65a7ba8355e2c39d8331832905fb74dcc85fc122a3f1dfd6dbf2a88907ad/pyrefly-1.1.1-py3-none-musllinux_1_2_x86_64.whl", hash = "sha256:2150b450ee6a6bcbe69b2d45d9a4ebc934a609e1abcf65e490433f38eb873d84", size = 13989306, upload-time = "2026-06-18T23:45:32.576Z" },
    { url = "https://files.pythonhosted.org/packages/37/de/b7ee1ab2392c36945738246fba7524439810befa3cfcc03cb6157567fc10/pyrefly-1.1.1-py3-none-win32.whl", hash = "sha256:5ffd8a8ed62fe4e6bf0afe1837d1bad149bb3b9f80e928ef248c96b836db3742", size = 12608469, upload-time = "2026-06-18T23:45:35.419Z" },
    { url = "https://files.pythonhosted.org/packages/a6/9c/a0f5b52934bf80e9c7eff08222e7caf318287b9aef76acb8d9ac5740581b/pyrefly-1.1.1-py3-none-win_amd64.whl", hash = "sha256:4e0430f3ef69c8ac73505fd6584db70ed504665a9f0816fef7f723de510f26cb", size = 13502172, upload-time = "2026-06-18T23:45:38.375Z" },
    { url = "https://files.pythonhosted.org/packages/42/3d/4c6bcb3d456835f51445d3662a428f56c3ea5643ec798c577030ae34298c/pyrefly-1.1.1-py3-none-win_arm64.whl", hash = "sha256:83baf0db71e172665db1fca0ced50b8f7773f5192ca57e8ac6773a772b6d2fc5", size = 12895979, upload-time = "2026-06-18T23:45:41.026Z" },
]

[[package]]
name = "pytest"
version = "9.0.3"
source = { registry = "https://pypi.org/simple" }
dependencies = [
    { name = "colorama", marker = "sys_platform == 'win32'" },
    { name = "iniconfig" },
    { name = "packaging" },
    { name = "pluggy" },
    { name = "pygments" },
]
sdist = { url = "https://files.pythonhosted.org/packages/7d/0d/549bd94f1a0a402dc8cf64563a117c0f3765662e2e668477624baeec44d5/pytest-9.0.3.tar.gz", hash = "sha256:b86ada508af81d19edeb213c681b1d48246c1a91d304c6c81a427674c17eb91c", size = 1572165, upload-time = "2026-04-07T17:16:18.027Z" }
wheels = [
    { url = "https://files.pythonhosted.org/packages/d4/24/a372aaf5c9b7208e7112038812994107bc65a84cd00e0354a88c2c77a617/pytest-9.0.3-py3-none-any.whl", hash = "sha256:2c5efc453d45394fdd706ade797c0a81091eccd1d6e4bccfcd476e2b8e0ab5d9", size = 375249, upload-time = "2026-04-07T17:16:16.13Z" },
]

[[package]]
name = "pytest-cov"
version = "7.1.0"
source = { registry = "https://pypi.org/simple" }
dependencies = [
    { name = "coverage" },
    { name = "pluggy" },
    { name = "pytest" },
]
sdist = { url = "https://files.pythonhosted.org/packages/b1/51/a849f96e117386044471c8ec2bd6cfebacda285da9525c9106aeb28da671/pytest_cov-7.1.0.tar.gz", hash = "sha256:30674f2b5f6351aa09702a9c8c364f6a01c27aae0c1366ae8016160d1efc56b2", size = 55592, upload-time = "2026-03-21T20:11:16.284Z" }
wheels = [
    { url = "https://files.pythonhosted.org/packages/9d/7a/d968e294073affff457b041c2be9868a40c1c71f4a35fcc1e45e5493067b/pytest_cov-7.1.0-py3-none-any.whl", hash = "sha256:a0461110b7865f9a271aa1b51e516c9a95de9d696734a2f71e3e78f46e1d4678", size = 22876, upload-time = "2026-03-21T20:11:14.438Z" },
]

[[package]]
name = "pytest-randomly"
version = "4.1.0"
source = { registry = "https://pypi.org/simple" }
dependencies = [
    { name = "pytest" },
]
sdist = { url = "https://files.pythonhosted.org/packages/27/b3/36192dacc0f470ac2cc516f73e01739c9a48a8224f76beada4f85e1c8a89/pytest_randomly-4.1.0.tar.gz", hash = "sha256:47f1d9746c3bc3efabd53ae1ebfb8bb385cf3d4df4b505b6d58d9c97a3dfe70f", size = 14302, upload-time = "2026-04-20T13:01:51.831Z" }
wheels = [
    { url = "https://files.pythonhosted.org/packages/9a/db/2df9a1fca597a273f957a559c20c2d95d629928384507b2afa43ba6909d1/pytest_randomly-4.1.0-py3-none-any.whl", hash = "sha256:f55e89e53367b090c0c053697d7f9d77595543d0e0516c93978b50c0f6b252f9", size = 8353, upload-time = "2026-04-20T13:01:50.382Z" },
]

[[package]]
name = "random-tile-generator"
source = { editable = "." }
dependencies = [
    { name = "click" },
    { name = "pillow" },
]

[package.dev-dependencies]
dev = [
    { name = "coverage" },
    { name = "pyrefly" },
    { name = "pytest" },
    { name = "pytest-cov" },
    { name = "pytest-randomly" },
    { name = "tomli-w" },
]

[package.metadata]
requires-dist = [
    { name = "click", specifier = "==8.3.3" },
    { name = "pillow", specifier = "==12.3.0" },
]

[package.metadata.requires-dev]
dev = [
    { name = "coverage", specifier = "==7.16.2" },
    { name = "pyrefly", specifier = "==1.1.1" },
    { name = "pytest", specifier = "==9.0.3" },
    { name = "pytest-cov", specifier = "==7.1.0" },
    { name = "pytest-randomly", specifier = "==4.1.0" },
    { name = "tomli-w", specifier = "==1.2.0" },
]

[[package]]
name = "tomli-w"
version = "1.2.0"
source = { registry = "https://pypi.org/simple" }
sdist = { url = "https://files.pythonhosted.org/packages/19/75/241269d1da26b624c0d5e110e8149093c759b7a286138f4efd61a60e75fe/tomli_w-1.2.0.tar.gz", hash = "sha256:2dd14fac5a47c27be9cd4c976af5a12d87fb1f0b4512f81d69cce3b35ae25021", size = 7184, upload-time = "2025-01-15T12:07:24.262Z" }
wheels = [
    { url = "https://files.pythonhosted.org/packages/c7/18/c86eb8e0202e32dd3df50d43d7ff9854f8e0603945ff398974c1d91ac1ef/tomli_w-1.2.0-py3-none-any.whl", hash = "sha256:188306098d013b691fcadc011abd66727d3c414c571bb01b1a174ba8c983cf90", size = 6675, upload-time = "2025-01-15T12:07:22.074Z" },
]
