version = 1
revision = 3
requires-python = "==3.14.*"

[options]
exclude-newer = "0001-01-01T00:00:00Z" # This has no effect and is included for backwards compatibility when using relative exclude-newer values.
exclude-newer-span = "P1W"

[[package]]
name = "click"
version = "8.3.3"
source = { registry = "https://pypi.org/simple" }
dependencies = [
    { name = "colorama", marker = "sys_platform == 'win32'" },
]
sdist = { url = "https://files.pythonhosted.org/packages/bb/63/f9e1ea081ce35720d8b92acde70daaedace594dc93b693c869e0d5910718/click-8.3.3.tar.gz", hash = "sha256:398329ad4837b2ff7cbe1dd166a4c0f8900c3ca3a218de04466f38f6497f18a2", size = 328061, upload-time = "2026-04-22T15:11:27.506Z" }
wheels = [
    { url = "https://files.pythonhosted.org/packages/ae/44/c1221527f6a71a01ec6fbad7fa78f1d50dfa02217385cf0fa3eec7087d59/click-8.3.3-py3-none-any.whl", hash = "sha256:a2bf429bb3033c89fa4936ffb35d5cb471e3719e1f3c8a7c3fff0b8314305613", size = 110502, upload-time = "2026-04-22T15:11:25.044Z" },
]

[[package]]
name = "colorama"
version = "0.4.6"
source = { registry = "https://pypi.org/simple" }
sdist = { url = "https://files.pythonhosted.org/packages/d8/53/6f443c9a4a8358a93a6792e2acffb9d9d5cb0a5cfd8802644b7b1c9a02e4/colorama-0.4.6.tar.gz", hash = "sha256:08695f5cb7ed6e0531a20572697297273c47b8cae5a63ffc6d6ed5c201be6e44", size = 27697, upload-time = "2022-10-25T02:36:22.414Z" }
wheels = [
    { url = "https://files.pythonhosted.org/packages/d1/d6/3965ed04c63042e047cb6a3e6ed1a63a35087b6a609aa3a15ed8ac56c221/colorama-0.4.6-py2.py3-none-any.whl", hash = "sha256:4f1d9991f5acc0ca119f9d443620b77f9d6b33703e51011c16baf57afb285fc6", size = 25335, upload-time = "2022-10-25T02:36:20.889Z" },
]

[[package]]
name = "coverage"
version = "7.16.0"
source = { registry = "https://pypi.org/simple" }
sdist = { url = "https://files.pythonhosted.org/packages/d1/f5/deb1a27aa20746c0278ac998c4179e272004699b2d33959ce020c5ac1615/coverage-7.16.0.tar.gz", hash = "sha256:077f0964087883176ff6ab9b074694cae29f8c708273b13ca62c183c6ed716cd", size = 945620, upload-time = "2026-08-28T21:54:37.74Z" }
wheels = [
    { url = "https://files.pythonhosted.org/packages/ea/73/850675f262391b322c4c988b6cdc32cdc6629288f0fb158687b587a393a8/coverage-7.16.0-cp314-cp314-macosx_10_15_x86_64.whl", hash = "sha256:54b7fba6a74d010de34319a0419d5b65af8c00f539ad0b6f39fc6f342ab99697", size = 223258, upload-time = "2026-08-28T21:52:23.558Z" },
    { url = "https://files.pythonhosted.org/packages/61/c1/4f54c6d47c80d1cc58ef8fe6b74e6eb50f9e2c0f6e2de6cf38dbca2937b8/coverage-7.16.0-cp314-cp314-macosx_11_0_arm64.whl", hash = "sha256:fa4ff0b3dd52208d2b30903022d5087f82000507b504753dfeee83e4f32d6883", size = 223587, upload-time = "2026-08-28T21:52:25.627Z" },
    { url = "https://files.pythonhosted.org/packages/3c/be/298f2456230fb44e272a4e53a41b3f3c39f0821c242d7b7daa9787b4d6f7/coverage-7.16.0-cp314-cp314-manylinux1_i686.manylinux_2_28_i686.manylinux_2_5_i686.whl", hash = "sha256:35a9676bf86097f790113ebd9fb67681804ef54d40941d2f10ba68c02239e575", size = 254632, upload-time = "2026-08-28T21:52:27.689Z" },
    { url = "https://files.pythonhosted.org/packages/a3/9c/a1bda6439c19c4783d50df896142b67b9e7d432db36675d339a32778669d/coverage-7.16.0-cp314-cp314-manylinux1_x86_64.manylinux_2_28_x86_64.manylinux_2_5_x86_64.whl", hash = "sha256:f98d438add63546745e5e847192e3e9ab897ed6f2ca96f8281e2f5a15958ae62", size = 257139, upload-time = "2026-08-28T21:52:29.741Z" },
    { url = "https://files.pythonhosted.org/packages/f8/cd/cd735c9be757f97237c305f36897a5e5b348bdbc12ebed3b2b80060dd8a9/coverage-7.16.0-cp314-cp314-manylinux2014_aarch64.manylinux_2_17_aarch64.manylinux_2_28_aarch64.whl", hash = "sha256:151855767480be14db595cbc2040f6a4db965cdfeebd354d79b0256742b029e0", size = 258484, upload-time = "2026-08-28T21:52:31.68Z" },
    { url = "https://files.pythonhosted.org/packages/e4/04/84b2e1e8aae9db3f549782f28ce25bba5fd6a9c7bfba3782ffe8b4cd2559/coverage-7.16.0-cp314-cp314-manylinux2014_ppc64le.manylinux_2_17_ppc64le.manylinux_2_28_ppc64le.whl", hash = "sha256:183613f664718b340589d7f005c7e92b4b601cffd20a8a4117cfda3e983b080f", size = 260798, upload-time = "2026-08-28T21:52:33.642Z" },
    { url = "https://files.pythonhosted.org/packages/8a/4f/e04cf52483619a4dc5dd6367b30c9a8ac52243567fdfacec9b11a441565c/coverage-7.16.0-cp314-cp314-manylinux_2_31_riscv64.manylinux_2_39_riscv64.whl", hash = "sha256:785b114356c99c0dd5b3f57b9696cfd57b7704f4c53847df8dc88c6cc0d9bcb6", size = 254612, upload-time = "2026-08-28T21:52:35.543Z" },
    { url = "https://files.pythonhosted.org/packages/da/33/627c4113f66bfffd43807f54dbf080c4632ecf12e4ef7a3bdd4ec38e46a2/coverage-7.16.0-cp314-cp314-musllinux_1_2_aarch64.whl", hash = "sha256:30f5aee6d1d517abcdfd4f9cad027969ff79a1440a22da263f9514e31b5b66e9", size = 256495, upload-time = "2026-08-28T21:52:37.485Z" },
    { url = "https://files.pythonhosted.org/packages/3c/38/aaca432f4e008a88f2bc4d1459aa7016d8d1bbbe801f7e4fa3cf2746557b/coverage-7.16.0-cp314-cp314-musllinux_1_2_i686.whl", hash = "sha256:190ffa0f5af966254c249fb3aeaca2cef389785e3e287fd577d39e134d20f8a3", size = 254454, upload-time = "2026-08-28T21:52:39.425Z" },
    { url = "https://files.pythonhosted.org/packages/cc/db/8430aa87ef0a508f4c17c1b8fa7e0cf80231988d9081aa36c194036592d6/coverage-7.16.0-cp314-cp314-musllinux_1_2_ppc64le.whl", hash = "sha256:0ccc37c00e1a5d30840902c54557e104d04aead872cedf6d2281c8725a467e06", size = 258728, upload-time = "2026-08-28T21:52:41.32Z" },
    { url = "https://files.pythonhosted.org/packages/76/88/cd8aa8c82493ffbd291d3ef5554452fffc634c6c6098a04ac848c79c98f3/coverage-7.16.0-cp314-cp314-musllinux_1_2_riscv64.whl", hash = "sha256:6c60cde430c0e7e3be612973af39b4cff90ec2e2defe7b2b701daea3a0ffff04", size = 254271, upload-time = "2026-08-28T21:52:43.278Z" },
    { url = "https://files.pythonhosted.org/packages/a8/49/fe16c811ea9314a84b48f34e4bf5a3d9013091093b285a74b2272fc863d7/coverage-7.16.0-cp314-cp314-musllinux_1_2_x86_64.whl", hash = "sha256:c5297028c8df849a61b29129cadfe682f90b5b396f528eb319a57d7678eefdad", size = 255927, upload-time = "2026-08-28T21:52:45.461Z" },
    { url = "https://files.pythonhosted.org/packages/d1/45/d0bd410e78cfbf768acc8099b335e1d5c0d5c26103c796d2bebdee001715/coverage-7.16.0-cp314-cp314-win32.whl", hash = "sha256:136988df5bc5a48795d9c42c75c4bbda5d9a78e750a080c1233010edff93a1af", size = 225424, upload-time = "2026-08-28T21:52:47.658Z" },
    { url = "https://files.pythonhosted.org/packages/17/78/1ce6ce4646822e9308dcdb1942eaf31bfd7da43247b8886338b0d6fe3767/coverage-7.16.0-cp314-cp314-win_amd64.whl", hash = "sha256:ce2ba5e9f1842fe09165825abfb3bc6b527c71a27bc2eb3a10f2284ced64506d", size = 225918, upload-time = "2026-08-28T21:52:49.692Z" },
    { url = "https://files.pythonhosted.org/packages/f9/cd/e1323fe3a7dfcdd709451a43fe708ca1dfd36a7fc07b34eb7bd1dfdfb52d/coverage-7.16.0-cp314-cp314-win_arm64.whl", hash = "sha256:a89d07e48d9baead9a15599923a02f62c6df6c3d85aa84ef34be3c9fd6aeb91f", size = 225344, upload-time = "2026-08-28T21:52:51.665Z" },
    { url = "https://files.pythonhosted.org/packages/39/fb/1c15460d4cf915f09ae3ad3862fef4f901838991c5641b0cec545050d810/coverage-7.16.0-cp314-cp314t-macosx_10_15_x86_64.whl", hash = "sha256:6e2854b62601c89a63814ad5def3b90d99c6724cc4cb977f75b725e5fca4b1e3", size = 223986, upload-time = "2026-08-28T21:52:53.572Z" },
    { url = "https://files.pythonhosted.org/packages/9f/73/347d2d0009ac211f79ee2a2364fd2aa19d6b9628dc22ed13a9b9386097ab/coverage-7.16.0-cp314-cp314t-macosx_11_0_arm64.whl", hash = "sha256:f093faf23df888518d273be6da65f0ec5a25b5d8b670231e4d87de07361042e7", size = 224254, upload-time = "2026-08-28T21:52:55.59Z" },
    { url = "https://files.pythonhosted.org/packages/5a/2f/51442e6ad9d705369596f08496021647e276d5b57311818fd4312d93509b/coverage-7.16.0-cp314-cp314t-manylinux1_i686.manylinux_2_28_i686.manylinux_2_5_i686.whl", hash = "sha256:b7dbbbf6551eb94618e7bc76ab61cc2740a5b3d13294171bd6adb36e12346c3c", size = 265619, upload-time = "2026-08-28T21:52:57.645Z" },
    { url = "https://files.pythonhosted.org/packages/ea/8e/0f752276f6d13efbd019ab6d90792e20d6272c44cda039dc5c6d27b91e7f/coverage-7.16.0-cp314-cp314t-manylinux1_x86_64.manylinux_2_28_x86_64.manylinux_2_5_x86_64.whl", hash = "sha256:51e7d0e311d2fba3915f971236cbdd4ad821fc7a23988221c0b33c964b0eba22", size = 267734, upload-time = "2026-08-28T21:52:59.611Z" },
    { url = "https://files.pythonhosted.org/packages/fa/02/4df3baef8029881c9d1a380859f2be73f90080d430def567d182e8566a35/coverage-7.16.0-cp314-cp314t-manylinux2014_aarch64.manylinux_2_17_aarch64.manylinux_2_28_aarch64.whl", hash = "sha256:0bb04ee77e557d7476471969d35fbbfb5fc8a4152e9409aa5811780c36d9b23e", size = 270156, upload-time = "2026-08-28T21:53:01.658Z" },
    { url = "https://files.pythonhosted.org/packages/9f/30/ce10fdb74055ebbfb5c8a025d8845dc19c76e4b2c42bb5c755b56678990c/coverage-7.16.0-cp314-cp314t-manylinux2014_ppc64le.manylinux_2_17_ppc64le.manylinux_2_28_ppc64le.whl", hash = "sha256:c72c9b201dc0e8c2c8821d49858fd865010d08181bf877d2320971b6464ebfd5", size = 271279, upload-time = "2026-08-28T21:53:03.698Z" },
    { url = "https://files.pythonhosted.org/packages/71/19/c7e1fc9504d90da848493bad4018dd235c713a80633e48c5f0a41b63d45e/coverage-7.16.0-cp314-cp314t-manylinux_2_31_riscv64.manylinux_2_39_riscv64.whl", hash = "sha256:0fca700cae4635656668ba6e2b66a85aac9f2622d7b2bcf82e844c409eaa1313", size = 264677, upload-time = "2026-08-28T21:53:05.741Z" },
    { url = "https://files.pythonhosted.org/packages/a4/f3/4021519dd41583ab396c81955387f927779641f6bac26818b6918a45aafc/coverage-7.16.0-cp314-cp314t-musllinux_1_2_aarch64.whl", hash = "sha256:584896fb8b650e999e24ef57e9513e482c12f8e15a73ee9d4584e23c99465867", size = 267610, upload-time = "2026-08-28T21:53:07.763Z" },
    { url = "https://files.pythonhosted.org/packages/55/fc/df65aac93938d8f506434c8e96440c1d696f6be0a6a01d3c6bfe5d49403e/coverage-7.16.0-cp314-cp314t-musllinux_1_2_i686.whl", hash = "sha256:949eae7e0f562b1518355aaef4b03523e49a6d3fea12aa3542d9e36c863f8267", size = 265217, upload-time = "2026-08-28T21:53:09.786Z" },
    { url = "https://files.pythonhosted.org/packages/32/2d/dc9a5e62715165fcb4c715f965f411e324917c9daeddde16536e9d36ce3f/coverage-7.16.0-cp314-cp314t-musllinux_1_2_ppc64le.whl", hash = "sha256:64f0611ee05364fc85cc3e5bc371804117a76fd337720e6017332fc7c534257a", size = 268948, upload-time = "2026-08-28T21:53:11.866Z" },
    { url = "https://files.pythonhosted.org/packages/8b/4e/fe73a5560f25fca52acda76fc1554f30de081793ae4de97e920f8ab161d7/coverage-7.16.0-cp314-cp314t-musllinux_1_2_riscv64.whl", hash = "sha256:050a291b3cfe5e0df5999ef2fa5a7aff6e2db329f069d47eb63f02bde2e7e96b", size = 264061, upload-time = "2026-08-28T21:53:13.996Z" },
    { url = "https://files.pythonhosted.org/packages/b3/f7/bb78cc4b97085ebbd77fa18cbc25abfab462814efa3e2363b4e50885c775/coverage-7.16.0-cp314-cp314t-musllinux_1_2_x86_64.whl", hash = "sha256:a336b1e2990a64f5c356a9b8380fb9c029d56c832b801255250c44d603271bfd", size = 266371, upload-time = "2026-08-28T21:53:16.233Z" },
    { url = "https://files.pythonhosted.org/packages/aa/ec/84b4af5cd4ad498477b3bfb2217e47b048da919451053790efda66f7383c/coverage-7.16.0-cp314-cp314t-win32.whl", hash = "sha256:058631257350b31784ed43ceb808298b6f074edf4ebca4c7ce5082e6bf873a61", size = 225736, upload-time = "2026-08-28T21:53:18.632Z" },
    { url = "https://files.pythonhosted.org/packages/7e/43/50fc0e6c675c3ef14895a74bab2d6120cb5d6f4b562a3d3f5046797758dc/coverage-7.16.0-cp314-cp314t-win_amd64.whl", hash = "sha256:ed35097438dfa980c1ec75bc83edf8acbe7a374d7007e571957a257fbd0e2fb3", size = 226570, upload-time = "2026-08-28T21:53:20.754Z" },
    { url = "https://files.pythonhosted.org/packages/fc/24/9effce7bcd3c6eeb4da3561905837509e582dcdde7a7f07d6ef2c8512f76/coverage-7.16.0-cp314-cp314t-win_arm64.whl", hash = "sha256:0466f4a5c0370461b7d8c7eb259d7d1db0b5756f13d66230b04d22a1d380ee11", size = 225879, upload-time = "2026-08-28T21:53:22.747Z" },
    { url = "https://files.pythonhosted.org/packages/b1/5a/234e8fadf85c3cc48cb31c247b9e8e0c7f06ece80f5b29f9b8c241f9da4c/coverage-7.16.0-py3-none-any.whl", hash = "sha256:245f7de6d023a5bba375dbec9f2e0869bfa26ac0cc639bbb7b4c814884000b73", size = 214977, upload-time = "2026-08-28T21:54:35.189Z" },
]

[[package]]
name = "iniconfig"
version = "2.3.0"
source = { registry = "https://pypi.org/simple" }
sdist = { url = "https://files.pythonhosted.org/packages/72/34/14ca021ce8e5dfedc35312d08ba8bf51fdd999c576889fc2c24cb97f4f10/iniconfig-2.3.0.tar.gz", hash = "sha256:c76315c77db068650d49c5b56314774a7804df16fee4402c1f19d6d15d8c4730", size = 20503, upload-time = "2025-10-18T21:55:43.219Z" }
wheels = [
    { url = "https://files.pythonhosted.org/packages/cb/b1/3846dd7f199d53cb17f49cba7e651e9ce294d8497c8c150530ed11865bb8/iniconfig-2.3.0-py3-none-any.whl", hash = "sha256:f631c04d2c48c52b84d0d0549c99ff3859c98df65b3101406327ecc7d53fbf12", size = 7484, upload-time = "2025-10-18T21:55:41.639Z" },
]

[[package]]
name = "packaging"
version = "26.2"
source = { registry = "https://pypi.org/simple" }
sdist = { url = "https://files.pythonhosted.org/packages/d7/f1/e7a6dd94a8d4a5626c03e4e99c87f241ba9e350cd9e6d75123f992427270/packaging-26.2.tar.gz", hash = "sha256:ff452ff5a3e828ce110190feff1178bb1f2ea2281fa2075aadb987c2fb221661", size = 228134, upload-time = "2026-04-24T20:15:23.917Z" }
wheels = [
    { url = "https://files.pythonhosted.org/packages/df/b2/87e62e8c3e2f4b32e5fe99e0b86d576da1312593b39f47d8ceef365e95ed/packaging-26.2-py3-none-any.whl", hash = "sha256:5fc45236b9446107ff2415ce77c807cee2862cb6fac22b8a73826d0693b0980e", size = 100195, upload-time = "2026-04-24T20:15:22.081Z" },
]

[[package]]
name = "pillow"
version = "12.3.0"
source = { registry = "https://pypi.org/simple" }
sdist = { url = "https://files.pythonhosted.org/packages/1c/3d/bb7fca845737cf9d7dbde16ed1843984665ff2e0a518f5db43e77ec540b9/pillow-12.3.0.tar.gz", hash = "sha256:3b8182a766685eaa002637e28b4ec8d6b18819a0c71f579bf0dbaa5830297cce", size = 47025035, upload-time = "2026-07-01T11:56:38.965Z" }
wheels = [
    { url = "https://files.pythonhosted.org/packages/dc/01/001f65b68192f0228cc1dbbc8d2530ab5d58b61037ba0587f946fea607cd/pillow-12.3.0-cp314-cp314-ios_13_0_arm64_iphoneos.whl", hash = "sha256:9cf95fe4d0f84c82d282745d9bb08ad9f926efa00be4697e767b814ce40d4330", size = 4161736, upload-time = "2026-07-01T11:54:51.156Z" },
    { url = "https://files.pythonhosted.org/packages/1a/d2/0219746d0fd16fc8a84498e79452375be3797d3ce4044596ce565164b84f/pillow-12.3.0-cp314-cp314-ios_13_0_arm64_iphonesimulator.whl", hash = "sha256:8728f216dcdb6e6d555cf971cb34076139ad74b31fc2c14da4fafc741c5f6217", size = 4255435, upload-time = "2026-07-01T11:54:53.414Z" },
    { url = "https://files.pythonhosted.org/packages/c8/02/8d0bc62ef0302318c46ff2a512822d2610e81c7aa46c9b3abe6cbaca5ad0/pillow-12.3.0-cp314-cp314-ios_13_0_x86_64_iphonesimulator.whl", hash = "sha256:a45650e8ce7fafffd731db8550230db6b0d306d181a90b67d3e6bca2f1990930", size = 3696262, upload-time = "2026-07-01T11:54:55.739Z" },
    { url = "https://files.pythonhosted.org/packages/85/e2/73c77d218410b14f5f2d565e8a998d5317b7b9c75368d29985139f7a46f0/pillow-12.3.0-cp314-cp314-macosx_10_15_x86_64.whl", hash = "sha256:ba54cfebe86920a559a7c4d6b9050791c20513650a1952ebe3368c7dc70306f8", size = 5350344, upload-time = "2026-07-01T11:54:57.657Z" },
    { url = "https://files.pythonhosted.org/packages/c7/da/32c752228ae345f489e3a42499d817b6c3996da7e8a3bc7a04fc806b243b/pillow-12.3.0-cp314-cp314-macosx_11_0_arm64.whl", hash = "sha256:e158cb00350dc278f3b91551101aa7d12415a66ebf2c91d8d5ac14e56ddd3ad0", size = 4780131, upload-time = "2026-07-01T11:54:59.713Z" },
    { url = "https://files.pythonhosted.org/packages/b1/9d/8b2c807dbef61a5197c047afe99823787eb66f63daf9fb2432f91d6f0462/pillow-12.3.0-cp314-cp314-manylinux_2_27_aarch64.manylinux_2_28_aarch64.whl", hash = "sha256:e9aeb04d6aef139de265b29683e119b638208f88cf73cdd1658aa07221165321", size = 6263757, upload-time = "2026-07-01T11:55:01.778Z" },
    { url = "https://files.pythonhosted.org/packages/5c/44/c85361f65dbe00eea8576ee467c768d25129989efb76e94f205e9ca9bb46/pillow-12.3.0-cp314-cp314-manylinux_2_27_x86_64.manylinux_2_28_x86_64.whl", hash = "sha256:251bf95b67017e27b13d82f5b326234ca62d70f9cf4c2b9032de2358a3b12c7b", size = 6936962, upload-time = "2026-07-01T11:55:03.93Z" },
    { url = "https://files.pythonhosted.org/packages/18/7e/e483414b35800b86b6f08dbbc7803fb5cd52c4d6f897f47d53ea2c7e6f65/pillow-12.3.0-cp314-cp314-musllinux_1_2_aarch64.whl", hash = "sha256:fe3cca2e4e8a592be0f269a1ca4835c25199d9f3ce815c8491048f785b0a0198", size = 6339171, upload-time = "2026-07-01T11:55:05.989Z" },
    { url = "https://files.pythonhosted.org/packages/f0/f4/68c491844841ede6bed70189546b3ee9731cf9f2cbad396faff5e1ccba45/pillow-12.3.0-cp314-cp314-musllinux_1_2_x86_64.whl", hash = "sha256:23aceaa007d6172b02c277f0cd359c79492bbb14f7072b4ede9fbcaf20648130", size = 7048116, upload-time = "2026-07-01T11:55:08.131Z" },
    { url = "https://files.pythonhosted.org/packages/a3/34/77f3f793fed8efc7d243f21b33c5a3f0d1c97ee70346d3db855587e155ff/pillow-12.3.0-cp314-cp314-win32.whl", hash = "sha256:af8d94b0db561cf68b88a267c5c44b49e134f525d0dc2cb7ed413a66bc23559a", size = 6467209, upload-time = "2026-07-01T11:55:10.408Z" },
    { url = "https://files.pythonhosted.org/packages/f1/e0/492879f69d94f91f60fc8cd05ba03650e9520afebb2fb7aa12777d7c7f38/pillow-12.3.0-cp314-cp314-win_amd64.whl", hash = "sha256:fdafc9cce40277e0f7a0feabce0ee50dd2fa1800f3b38015e51296b5e814048d", size = 7237707, upload-time = "2026-07-01T11:55:12.745Z" },
    { url = "https://files.pythonhosted.org/packages/c9/ac/6b11f2875f1c2ac040d84e1bbf9cf22a88038f901ca1037898b280b38365/pillow-12.3.0-cp314-cp314-win_arm64.whl", hash = "sha256:e91206ee562682b51b98ef4b26a6ef48fd84e15fd4c4bc5ec768eb641d206838", size = 2565995, upload-time = "2026-07-01T11:55:14.736Z" },
    { url = "https://files.pythonhosted.org/packages/52/69/c2208e56af9bfc1913afb24020297a691eb1d4ef688474c8a04913f65e04/pillow-12.3.0-cp314-cp314t-macosx_10_15_x86_64.whl", hash = "sha256:164b31cd1a0490ab6efae01aa5df49da7061be0af1b30e035b6e9a1bfe34ee6e", size = 5352503, upload-time = "2026-07-01T11:55:17.076Z" },
    { url = "https://files.pythonhosted.org/packages/07/70/e5686d753e898a45d778ff1718dba8516ead6ab6b95d85fc8c4b70650cf2/pillow-12.3.0-cp314-cp314t-macosx_11_0_arm64.whl", hash = "sha256:5afb51d599ea772b8365ae807ae557f18bccfe46ab261fd1c2a9ed700fc6eb17", size = 4782956, upload-time = "2026-07-01T11:55:19.448Z" },
    { url = "https://files.pythonhosted.org/packages/d5/37/25c6692f06927ee973ff18c8d9ee98ad0b4d84ee67a09610c2dd1447958e/pillow-12.3.0-cp314-cp314t-manylinux_2_27_aarch64.manylinux_2_28_aarch64.whl", hash = "sha256:3edce1d53195db527e0191f84b71d02022de0540bf43a16ed734ed7537b07385", size = 6322855, upload-time = "2026-07-01T11:55:21.613Z" },
    { url = "https://files.pythonhosted.org/packages/cc/91/420637fcb8f1bc11029e403b4538e6694744428d8246118e45719f944556/pillow-12.3.0-cp314-cp314t-manylinux_2_27_x86_64.manylinux_2_28_x86_64.whl", hash = "sha256:bf16ba1b4d0b6b7c8e534936632270cf70eb00dbe09005bc345b2677b726855c", size = 6989642, upload-time = "2026-07-01T11:55:24.006Z" },
    { url = "https://files.pythonhosted.org/packages/10/08/b94d7811281ccf0d143a1cf768d1c49e1e54af63e7b708ab2ee3eb87face/pillow-12.3.0-cp314-cp314t-musllinux_1_2_aarch64.whl", hash = "sha256:24870b09b224f7ae3c39ed07d10e819d06f8720bc551847b1d623832b5b0e28d", size = 6391281, upload-time = "2026-07-01T11:55:26.252Z" },
    { url = "https://files.pythonhosted.org/packages/d2/87/24233f785f55474dc02ce3e739c5528a77e3a862e9333d1dd7a25cc31f70/pillow-12.3.0-cp314-cp314t-musllinux_1_2_x86_64.whl", hash = "sha256:30f2aa603c41533cc25c05acd0da21636e84a315768feb631c937177db558931", size = 7096716, upload-time = "2026-07-01T11:55:28.318Z" },
    { url = "https://files.pythonhosted.org/packages/23/26/fcb2f6e37175b04f53570b59937867e2b80ee1685e744023153028fc14f9/pillow-12.3.0-cp314-cp314t-win32.whl", hash = "sha256:4b0a7fe987b14c31ebda6083f74f22b561fd3739bc0ac51e019622e3d72668c7", size = 6474125, upload-time = "2026-07-01T11:55:30.956Z" },
    { url = "https://files.pythonhosted.org/packages/90/de/3634abee5f1c9e13c56787b7d5517b0ba8d6de51700b95578cf338349c9f/pillow-12.3.0-cp314-cp314t-win_amd64.whl", hash = "sha256:962864dc93511324d51ddbb5b9f8731bf71675b93ca612a07441896f4688fb8c", size = 7242939, upload-time = "2026-07-01T11:55:34.044Z" },
    { url = "https://files.pythonhosted.org/packages/ce/2a/fd13f8eb24de5714a6eb444a3d67e2842c6c576e159a43793adf23051351/pillow-12.3.0-cp314-cp314t-win_arm64.whl", hash = "sha256:0740a512dc522224c77d9aa5a8d70d8b7d73fb91f2c21125d8d025d3b8990e45", size = 2567506, upload-time = "2026-07-01T11:55:35.988Z" },
]

[[package]]
name = "pluggy"
version = "1.6.0"
source = { registry = "https://pypi.org/simple" }
sdist = { url = "https://files.pythonhosted.org/packages/f9/e2/3e91f31a7d2b083fe6ef3fa267035b518369d9511ffab804f839851d2779/pluggy-1.6.0.tar.gz", hash = "sha256:7dcc130b76258d33b90f61b658791dede3486c3e6bfb003ee5c9bfb396dd22f3", size = 69412, upload-time = "2025-05-15T12:30:07.975Z" }
wheels = [
    { url = "https://files.pythonhosted.org/packages/54/20/4d324d65cc6d9205fabedc306948156824eb9f0ee1633355a8f7ec5c66bf/pluggy-1.6.0-py3-none-any.whl", hash = "sha256:e920276dd6813095e9377c0bc5566d94c932c33b27a3e3945d8389c374dd4746", size = 20538, upload-time = "2025-05-15T12:30:06.134Z" },
]

[[package]]
name = "pygments"
version = "2.20.0"
source = { registry = "https://pypi.org/simple" }
sdist = { url = "https://files.pythonhosted.org/packages/c3/b2/bc9c9196916376152d655522fdcebac55e66de6603a76a02bca1b6414f6c/pygments-2.20.0.tar.gz", hash = "sha256:6757cd03768053ff99f3039c1a36d6c0aa0b263438fcab17520b30a303a82b5f", size = 4955991, upload-time = "2026-03-29T13:29:33.898Z" }
wheels = [
    { url = "https://files.pythonhosted.org/packages/f4/7e/a72dd26f3b0f4f2bf1dd8923c85f7ceb43172af56d63c7383eb62b332364/pygments-2.20.0-py3-none-any.whl", hash = "sha256:81a9e26dd42fd28a23a2d169d86d7ac03b46e2f8b59ed4698fb4785f946d0176", size = 1231151, upload-time = "2026-03-29T13:29:30.038Z" },
]

[[package]]
name = "pyrefly"
version = "1.1.1"
source = { registry = "https://pypi.org/simple" }
sdist = { url = "https://files.pythonhosted.org/packages/8e/20/976165fa4b1517a1a92f393b3f4d4badabfff1165eff09d4cd4908428183/pyrefly-1.1.1.tar.gz", hash = "sha256:6deda959f8603a7dbdf112c48983e2275b2903cf33c8c739ed65d7e71a4fd520", size = 5880491, upload-time = "2026-06-18T23:45:43.785Z" }
wheels = [
    { url = "https://files.pythonhosted.org/packages/b5/d6/02ba666018c6a1cb4ddfa2db98ada721adddd374db5c29ba47a0bf2637fa/pyrefly-1.1.1-py3-none-macosx_10_12_x86_64.whl", hash = "sha256:f4b8595f91885bc8b5e3c282ab68d1df21201668a84e6508b1e15f2feec0bb8d", size = 13631867, upload-time = "2026-06-18T23:45:13.923Z" },
    { url = "https://files.pythonhosted.org/packages/71/47/7a3457dbbddb513a83cf4fe527d5d5ebda5201a1010ad2a6034030e3e358/pyrefly-1.1.1-py3-none-macosx_11_0_arm64.whl", hash = "sha256:d6b238e1362622d47a6eb5af704fd8b613c94e8c303386efd6350e3da59fecc8", size = 13075304, upload-time = "2026-06-18T23:45:16.865Z" },
    { url = "https://files.pythonhosted.org/packages/84/df/70f4b3f42d58ed686a80df31e04eca54d88036cea4f9b96195c64ad0b2b5/pyrefly-1.1.1-py3-none-manylinux_2_17_aarch64.manylinux2014_aarch64.whl", hash = "sha256:b50d4510e4f8aaea79e2c4b343a4d7a060c9451c0b2aa9bfe10d7ca1ef33d68d", size = 13446966, upload-time = "2026-06-18T23:45:19.644Z" },
    { url = "https://files.pythonhosted.org/packages/3c/53/12a19bd6c7af985bcbc13c6910d0f9f6684069ead2282a5c08c2bfbb5d03/pyrefly-1.1.1-py3-none-manylinux_2_17_i686.manylinux2014_i686.whl", hash = "sha256:f330cf039ef3da3b910c84f3a7e431f0cf8d0c1d2dad26491d6cadf3c7cd4759", size = 14449222, upload-time = "2026-06-18T23:45:22.252Z" },
    { url = "https://files.pythonhosted.org/packages/93/f0/e55c48a50076fc0f9ecf4bdedec50456db383e01162f5e2121f8468be071/pyrefly-1.1.1-py3-none-manylinux_2_17_ppc64le.manylinux2014_ppc64le.whl", hash = "sha256:a6342d87c52b04f72156da04f554c4d57f3616f2b32d1763969efb22d05a1407", size = 14472947, upload-time = "2026-06-18T23:45:24.858Z" },
    { url = "https://files.pythonhosted.org/packages/b6/e7/30e085b31fed978ecb675bdbb54df566673ab550469e5af2d350f6af0be6/pyrefly-1.1.1-py3-none-manylinux_2_17_x86_64.manylinux2014_x86_64.whl", hash = "sha256:c08b814ad03175e9cf47111390537161828b472044c39ab3320252b3ac6b2edd", size = 13975252, upload-time = "2026-06-18T23:45:27.247Z" },
    { url = "https://files.pythonhosted.org/packages/47/58/49c3e67641133d3fe5d8d9a660dc0826c6c37ca197d86cad05fa7dd8bfd6/pyrefly-1.1.1-py3-none-musllinux_1_2_aarch64.whl", hash = "sha256:d50cad97f19fc893b04deff7239626cffff5dd27ffb29b7d303a1b770247b208", size = 13471780, upload-time = "2026-06-18T23:45:29.775Z" },
    { url = "https://files.pythonhosted.org/packages/71/1e/65a7ba8355e2c39d8331832905fb74dcc85fc122a3f1dfd6dbf2a88907ad/pyrefly-1.1.1-py3-none-musllinux_1_2_x86_64.whl", hash = "sha256:2150b450ee6a6bcbe69b2d45d9a4ebc934a609e1abcf65e490433f38eb873d84", size = 13989306, upload-time = "2026-06-18T23:45:32.576Z" },
    { url = "https://files.pythonhosted.org/packages/37/de/b7ee1ab2392c36945738246fba7524439810befa3cfcc03cb6157567fc10/pyrefly-1.1.1-py3-none-win32.whl", hash = "sha256:5ffd8a8ed62fe4e6bf0afe1837d1bad149bb3b9f80e928ef248c96b836db3742", size = 12608469, upload-time = "2026-06-18T23:45:35.419Z" },
    { url = "https://files.pythonhosted.org/packages/a6/9c/a0f5b52934bf80e9c7eff08222e7caf318287b9aef76acb8d9ac5740581b/pyrefly-1.1.1-py3-none-win_amd64.whl", hash = "sha256:4e0430f3ef69c8ac73505fd6584db70ed504665a9f0816fef7f723de510f26cb", size = 13502172, upload-time = "2026-06-18T23:45:38.375Z" },
    { url = "https://files.pythonhosted.org/packages/42/3d/4c6bcb3d456835f51445d3662a428f56c3ea5643ec798c577030ae34298c/pyrefly-1.1.1-py3-none-win_arm64.whl", hash = "sha256:83baf0db71e172665db1fca0ced50b8f7773f5192ca57e8ac6773a772b6d2fc5", size = 12895979, upload-time = "2026-06-18T23:45:41.026Z" },
]

[[package]]
name = "pytest"
version = "9.0.3"
source = { registry = "https://pypi.org/simple" }
dependencies = [
    { name = "colorama", marker = "sys_platform == 'win32'" },
    { name = "iniconfig" },
    { name = "packaging" },
    { name = "pluggy" },
    { name = "pygments" },
]
sdist = { url = "https://files.pythonhosted.org/packages/7d/0d/549bd94f1a0a402dc8cf64563a117c0f3765662e2e668477624baeec44d5/pytest-9.0.3.tar.gz", hash = "sha256:b86ada508af81d19edeb213c681b1d48246c1a91d304c6c81a427674c17eb91c", size = 1572165, upload-time = "2026-04-07T17:16:18.027Z" }
wheels = [
    { url = "https://files.pythonhosted.org/packages/d4/24/a372aaf5c9b7208e7112038812994107bc65a84cd00e0354a88c2c77a617/pytest-9.0.3-py3-none-any.whl", hash = "sha256:2c5efc453d45394fdd706ade797c0a81091eccd1d6e4bccfcd476e2b8e0ab5d9", size = 375249, upload-time = "2026-04-07T17:16:16.13Z" },
]

[[package]]
name = "pytest-cov"
version = "7.1.0"
source = { registry = "https://pypi.org/simple" }
dependencies = [
    { name = "coverage" },
    { name = "pluggy" },
    { name = "pytest" },
]
sdist = { url = "https://files.pythonhosted.org/packages/b1/51/a849f96e117386044471c8ec2bd6cfebacda285da9525c9106aeb28da671/pytest_cov-7.1.0.tar.gz", hash = "sha256:30674f2b5f6351aa09702a9c8c364f6a01c27aae0c1366ae8016160d1efc56b2", size = 55592, upload-time = "2026-03-21T20:11:16.284Z" }
wheels = [
    { url = "https://files.pythonhosted.org/packages/9d/7a/d968e294073affff457b041c2be9868a40c1c71f4a35fcc1e45e5493067b/pytest_cov-7.1.0-py3-none-any.whl", hash = "sha256:a0461110b7865f9a271aa1b51e516c9a95de9d696734a2f71e3e78f46e1d4678", size = 22876, upload-time = "2026-03-21T20:11:14.438Z" },
]

[[package]]
name = "pytest-randomly"
version = "4.1.0"
source = { registry = "https://pypi.org/simple" }
dependencies = [
    { name = "pytest" },
]
sdist = { url = "https://files.pythonhosted.org/packages/27/b3/36192dacc0f470ac2cc516f73e01739c9a48a8224f76beada4f85e1c8a89/pytest_randomly-4.1.0.tar.gz", hash = "sha256:47f1d9746c3bc3efabd53ae1ebfb8bb385cf3d4df4b505b6d58d9c97a3dfe70f", size = 14302, upload-time = "2026-04-20T13:01:51.831Z" }
wheels = [
    { url = "https://files.pythonhosted.org/packages/9a/db/2df9a1fca597a273f957a559c20c2d95d629928384507b2afa43ba6909d1/pytest_randomly-4.1.0-py3-none-any.whl", hash = "sha256:f55e89e53367b090c0c053697d7f9d77595543d0e0516c93978b50c0f6b252f9", size = 8353, upload-time = "2026-04-20T13:01:50.382Z" },
]

[[package]]
name = "random-tile-generator"
source = { editable = "." }
dependencies = [
    { name = "click" },
    { name = "pillow" },
]

[package.dev-dependencies]
dev = [
    { name = "coverage" },
    { name = "pyrefly" },
    { name = "pytest" },
    { name = "pytest-cov" },
    { name = "pytest-randomly" },
    { name = "tomli-w" },
]

[package.metadata]
requires-dist = [
    { name = "click", specifier = "==8.3.3" },
    { name = "pillow", specifier = "==12.3.0" },
]

[package.metadata.requires-dev]
dev = [
    { name = "coverage", specifier = "==7.16.0" },
    { name = "pyrefly", specifier = "==1.1.1" },
    { name = "pytest", specifier = "==9.0.3" },
    { name = "pytest-cov", specifier = "==7.1.0" },
    { name = "pytest-randomly", specifier = "==4.1.0" },
    { name = "tomli-w", specifier = "==1.2.0" },
]

[[package]]
name = "tomli-w"
version = "1.2.0"
source = { registry = "https://pypi.org/simple" }
sdist = { url = "https://files.pythonhosted.org/packages/19/75/241269d1da26b624c0d5e110e8149093c759b7a286138f4efd61a60e75fe/tomli_w-1.2.0.tar.gz", hash = "sha256:2dd14fac5a47c27be9cd4c976af5a12d87fb1f0b4512f81d69cce3b35ae25021", size = 7184, upload-time = "2025-01-15T12:07:24.262Z" }
wheels = [
    { url = "https://files.pythonhosted.org/packages/c7/18/c86eb8e0202e32dd3df50d43d7ff9854f8e0603945ff398974c1d91ac1ef/tomli_w-1.2.0-py3-none-any.whl", hash = "sha256:188306098d013b691fcadc011abd66727d3c414c571bb01b1a174ba8c983cf90", size = 6675, upload-time = "2025-01-15T12:07:22.074Z" },
]
